
Microsoft Visual Studio Solution File, Format Version 12.00
# Visual Studio Version 17
VisualStudioVersion = 17.12.35514.174 d17.12
MinimumVisualStudioVersion = 10.0.40219.1
Project("{FAE04EC0-301F-11D3-BF4B-00C04F79EFBC}") = "B_LEI", "B_LEI.csproj", "{536CB13D-7010-4020-9908-537CE8F37E86}"
EndProject
Global
	GlobalSection(SolutionConfigurationPlatforms) = preSolution
		Debug|Any CPU = Debug|Any CPU
		Release|Any CPU = Release|Any CPU
	EndGlobalSection
	GlobalSection(ProjectConfigurationPlatforms) = postSolution
		{536CB13D-7010-4020-9908-537CE8F37E86}.Debug|Any CPU.ActiveCfg = Debug|Any CPU
		{536CB13D-7010-4020-9908-537CE8F37E86}.Debug|Any CPU.Build.0 = Debug|Any CPU
		{536CB13D-7010-4020-9908-537CE8F37E86}.Release|Any CPU.ActiveCfg = Release|Any CPU
		{536CB13D-7010-4020-9908-537CE8F37E86}.Release|Any CPU.Build.0 = Release|Any CPU
	EndGlobalSection
	GlobalSection(SolutionProperties) = preSolution
		HideSolutionNode = FALSE
	EndGlobalSection
EndGlobal
